
Microsoft Visual Studio Solution File, Format Version 12.00
# Visual Studio 2012
Project("{FAE04EC0-301F-11D3-BF4B-00C04F79EFBC}") = "program", "program\program.csproj", "{C8FC3989-ABDA-4482-B727-4F170573D96F}"
EndProject
Global
	GlobalSection(SolutionConfigurationPlatforms) = preSolution
		Debug|Any CPU = Debug|Any CPU
		Release|Any CPU = Release|Any CPU
	EndGlobalSection
	GlobalSection(ProjectConfigurationPlatforms) = postSolution
		{C8FC3989-ABDA-4482-B727-4F170573D96F}.Debug|Any CPU.ActiveCfg = Debug|Any CPU
		{C8FC3989-ABDA-4482-B727-4F170573D96F}.Debug|Any CPU.Build.0 = Debug|Any CPU
		{C8FC3989-ABDA-4482-B727-4F170573D96F}.Release|Any CPU.ActiveCfg = Release|Any CPU
		{C8FC3989-ABDA-4482-B727-4F170573D96F}.Release|Any CPU.Build.0 = Release|Any CPU
	EndGlobalSection
	GlobalSection(SolutionProperties) = preSolution
		HideSolutionNode = FALSE
	EndGlobalSection
EndGlobal
